schema: '2.0'
stages:
  lyproxify:
    cmd: "lyscripts data lyproxify -i raw.csv -o data.csv -m mapping.py -r 0 1 2 --drop-rows\
      \ 439 --add-index\n"
    deps:
    - path: mapping.py
      md5: fcd1828837d0f18543422ee3fc506e7d
      size: 15068
    - path: raw.csv
      md5: 4df7c504c92c369c2f891b0d170041bb
      size: 215489
    outs:
    - path: data.csv
      md5: f68dc8b977b59e2678f10095d8783c45
      size: 122715
