schema: '2.0'
stages:
  lyproxify:
    cmd: "lyscripts data lyproxify -i raw.csv -o data.csv -m mapping.py -r 0\n"
    deps:
    - path: mapping.py
      md5: 7af01c7ef451c401fcdb4a17a37729d5
      size: 29203
    - path: raw.csv
      md5: 5a3d19b6e9b14978155698d0198f90c9
      size: 167140
    outs:
    - path: data.csv
      md5: 1e93faee094990b1022a83eb116a426b
      size: 184432
