schema: '2.0'
stages:
  lyproxify:
    cmd: "lyscripts data lyproxify -i raw.csv -o data.csv -m mapping.py -r 0\n"
    deps:
    - path: mapping.py
      md5: bf8127423a03261288c58d2826df20bd
      size: 39803
    - path: raw.csv
      md5: 5a3d19b6e9b14978155698d0198f90c9
      size: 167140
    outs:
    - path: data.csv
      md5: afe08de0b0a6d348b24c3855d4ea6016
      size: 184432
  description-and-docs:
    cmd: "python ../render.py -m mapping.py -t README.template -o README.md\n"
    deps:
    - path: ../render.py
      md5: 6e259b8b08d52dd5dcbd3ebfc4ffceca
      size: 1699
    - path: README.template
      md5: cba170721420df22997327966d905a1d
      size: 436
    - path: mapping.py
      md5: bf8127423a03261288c58d2826df20bd
      size: 39803
    outs:
    - path: README.md
      md5: b0c8b1a3bcdf56f8216b2dd006b134de
      size: 13038
