schema: '2.0'
stages:
  lyproxify@1:
    cmd: "lyscripts data lyproxify -i 2023-isb-multisite/raw.csv -o 2023-isb-multisite/data.csv\
      \ -m 2023-isb-multisite/mapping.py -r 0\n"
    deps:
    - path: 2023-isb-multisite/mapping.py
      md5: bf8127423a03261288c58d2826df20bd
      size: 39803
    - path: 2023-isb-multisite/raw.csv
      md5: 5a3d19b6e9b14978155698d0198f90c9
      size: 167140
    outs:
    - path: 2023-isb-multisite/data.csv
      md5: afe08de0b0a6d348b24c3855d4ea6016
      size: 184432
  description-and-docs@2023-clb-multisite:
    cmd: ".venv/bin/python render.py -m 2023-clb-multisite/mapping.py -t 2023-clb-multisite/README.template\
      \ -o 2023-clb-multisite/README.md\n"
    deps:
    - path: 2023-clb-multisite/README.template
      md5: 3c5f2b547ca8092e539ecbbd845bf856
      size: 642
    - path: 2023-clb-multisite/mapping.py
      md5: 4c80fad76f9eda89e9352cbeee0e96d3
      size: 25193
    - path: render.py
      md5: 6e259b8b08d52dd5dcbd3ebfc4ffceca
      size: 1699
    outs:
    - path: 2023-clb-multisite/README.md
      md5: db6a3634d0b31e788b97b53ffd4c40fc
      size: 10625
  description-and-docs@2023-isb-multisite:
    cmd: ".venv/bin/python render.py -m 2023-isb-multisite/mapping.py -t 2023-isb-multisite/README.template\
      \ -o 2023-isb-multisite/README.md\n"
    deps:
    - path: 2023-isb-multisite/README.template
      md5: 5541d1679004fdd86bbbdc8756fab77c
      size: 435
    - path: 2023-isb-multisite/mapping.py
      md5: bf8127423a03261288c58d2826df20bd
      size: 39803
    - path: render.py
      md5: 6e259b8b08d52dd5dcbd3ebfc4ffceca
      size: 1699
    outs:
    - path: 2023-isb-multisite/README.md
      md5: 4c32cffe9650ffb53232eb03798214b1
      size: 13037
  lyproxify@0:
    cmd: "lyscripts data lyproxify -i 2023-clb-multisite/raw.csv -o 2023-clb-multisite/data.csv\
      \ -m 2023-clb-multisite/mapping.py -r 0 1 2 --drop-rows 439 --add-index\n"
    deps:
    - path: 2023-clb-multisite/mapping.py
      md5: 4c80fad76f9eda89e9352cbeee0e96d3
      size: 25193
    - path: 2023-clb-multisite/raw.csv
      md5: 4df7c504c92c369c2f891b0d170041bb
      size: 215489
    outs:
    - path: 2023-clb-multisite/data.csv
      md5: c314b7b65b23b6dd5c0ac4e51b3646ca
      size: 120291
