schema: '2.0'
stages:
  lyproxify@1:
    cmd: "lyscripts data lyproxify -i 2023-clb-multisite/raw.csv -o 2023-clb-multisite/data.csv
      -m 2023-clb-multisite/mapping.py -r 0 1 2 --drop-rows 439 --add-index\n"
    deps:
    - path: 2023-clb-multisite/mapping.py
      hash: md5
      md5: c6288835d865c1eab11edcd678387098
      size: 28320
    - path: 2023-clb-multisite/raw.csv
      hash: md5
      md5: 07fb62f160142252fe11e1738de6331f
      size: 211635
    outs:
    - path: 2023-clb-multisite/data.csv
      hash: md5
      md5: 9d72ee96af2c51033a2fb0bb8551e318
      size: 123938
  description-and-docs@2023-clb-multisite:
    cmd: "python scripts/render.py -m 2023-clb-multisite/mapping.py -d 2023-clb-multisite/data.csv
      -t 2023-clb-multisite/README.template -o 2023-clb-multisite/README.md\n"
    deps:
    - path: 2023-clb-multisite/README.template
      hash: md5
      md5: 7fd43de458fc171e235134278a8d7d9a
      size: 3010
    - path: 2023-clb-multisite/data.csv
      hash: md5
      md5: 9d72ee96af2c51033a2fb0bb8551e318
      size: 123938
    - path: 2023-clb-multisite/mapping.py
      hash: md5
      md5: c6288835d865c1eab11edcd678387098
      size: 28320
    - path: scripts/render.py
      hash: md5
      md5: 6d41cb47a8c326a558958693b08004f1
      size: 2005
    outs:
    - path: 2023-clb-multisite/README.md
      hash: md5
      md5: 7a08b235fdc0042b296fb0ea8f026dbc
      size: 14327
  description-and-docs@2023-isb-multisite:
    cmd: "python scripts/render.py -m 2023-isb-multisite/mapping.py -d 2023-isb-multisite/data.csv
      -t 2023-isb-multisite/README.template -o 2023-isb-multisite/README.md\n"
    deps:
    - path: 2023-isb-multisite/README.template
      hash: md5
      md5: 3476cf07554488dfe7c417f38bb2cad7
      size: 2795
    - path: 2023-isb-multisite/data.csv
      hash: md5
      md5: 3de3a3d4238148e1b4e5f813e83d4c80
      size: 205012
    - path: 2023-isb-multisite/mapping.py
      hash: md5
      md5: b12195246e7d014b2afca09d6d057ed9
      size: 52919
    - path: scripts/render.py
      hash: md5
      md5: 6d41cb47a8c326a558958693b08004f1
      size: 2005
    outs:
    - path: 2023-isb-multisite/README.md
      hash: md5
      md5: 1ad09ea90fbb99f0daa9b1399094eeca
      size: 19291
  lyproxify@0:
    cmd: "lyscripts data lyproxify -i 2021-clb-oropharynx/raw.csv -o 2021-clb-oropharynx/data.csv
      -m 2021-clb-oropharynx/mapping.py -r 0\n"
    deps:
    - path: 2021-clb-oropharynx/mapping.py
      hash: md5
      md5: 9af923f8347ab62eaf5eb29d7708f52e
      size: 21377
    - path: 2021-clb-oropharynx/raw.csv
      hash: md5
      md5: ca6413b63f277e4f6bb40b50294b0ff0
      size: 96789
    outs:
    - path: 2021-clb-oropharynx/data.csv
      hash: md5
      md5: d40c0a1ae967a6983d60a0a809cf3972
      size: 92742
  lyproxify@2:
    cmd: "lyscripts data lyproxify -i 2023-isb-multisite/raw.csv -o 2023-isb-multisite/data.csv
      -m 2023-isb-multisite/mapping.py -r 0\n"
    deps:
    - path: 2023-isb-multisite/mapping.py
      hash: md5
      md5: b12195246e7d014b2afca09d6d057ed9
      size: 52919
    - path: 2023-isb-multisite/raw.csv
      hash: md5
      md5: 231ddf11be72a2f1e7e5f972f515ade6
      size: 167140
    outs:
    - path: 2023-isb-multisite/data.csv
      hash: md5
      md5: 3de3a3d4238148e1b4e5f813e83d4c80
      size: 205012
  description-and-docs@2021-clb-oropharynx:
    cmd: "python scripts/render.py -m 2021-clb-oropharynx/mapping.py -d 2021-clb-oropharynx/data.csv
      -t 2021-clb-oropharynx/README.template -o 2021-clb-oropharynx/README.md\n"
    deps:
    - path: 2021-clb-oropharynx/README.template
      hash: md5
      md5: 8b19cbd6d8b97ad12571222619da3ac6
      size: 16535
    - path: 2021-clb-oropharynx/data.csv
      hash: md5
      md5: d40c0a1ae967a6983d60a0a809cf3972
      size: 92742
    - path: 2021-clb-oropharynx/mapping.py
      hash: md5
      md5: 9af923f8347ab62eaf5eb29d7708f52e
      size: 21377
    - path: scripts/render.py
      hash: md5
      md5: 6d41cb47a8c326a558958693b08004f1
      size: 2005
    outs:
    - path: 2021-clb-oropharynx/README.md
      hash: md5
      md5: c6e023bf8c3f668072b0675190cece77
      size: 25347
  convert-to-docx@2021-clb-oropharynx:
    cmd: "pandoc -o ../2021-clb-oropharynx.docx 2021-clb-oropharynx/README.md\n"
    deps:
    - path: 2021-clb-oropharynx/README.md
      md5: f0ec7b542820fc363b43aa635bfe430c
      size: 24247
    outs:
    - path: ../2021-clb-oropharynx.docx
      md5: 786537c15c333face3f493a98bfffb03
      size: 18743
  convert-to-docx@2023-clb-multisite:
    cmd: "pandoc -o ../2023-clb-multisite.docx 2023-clb-multisite/README.md\n"
    deps:
    - path: 2023-clb-multisite/README.md
      md5: 49ee462171066d1863ed7801054203d7
      size: 13045
    outs:
    - path: ../2023-clb-multisite.docx
      md5: dc1a259586b55abbacb317f04f53dc95
      size: 15819
  convert-to-docx@2023-isb-multisite:
    cmd: "pandoc -o ../2023-isb-multisite.docx 2023-isb-multisite/README.md\n"
    deps:
    - path: 2023-isb-multisite/README.md
      md5: 94299a49ee0cad7483e05ad73a433477
      size: 16776
    outs:
    - path: ../2023-isb-multisite.docx
      md5: f7ecf6740c106fcd109e6dfe71ab971d
      size: 16747
  plot-age-and-sex@2023-clb-multisite:
    cmd: "python scripts/age_and_sex.py 2023-clb-multisite/data.csv\n"
    deps:
    - path: 2023-clb-multisite/data.csv
      hash: md5
      md5: 9d72ee96af2c51033a2fb0bb8551e318
      size: 123938
    - path: scripts/age_and_sex.py
      hash: md5
      md5: acd161580d93b39eda4c46e5fb54a79d
      size: 3214
  plot-t-category@2023-clb-multisite:
    cmd: "python scripts/t_category.py 2023-clb-multisite/data.csv\n"
    deps:
    - path: 2023-clb-multisite/data.csv
      hash: md5
      md5: 9d72ee96af2c51033a2fb0bb8551e318
      size: 123938
    - path: scripts/t_category.py
      hash: md5
      md5: 525ea786589ede53c4b9bb7e5f9d8d42
      size: 1648
  plot-t-category@2023-isb-multisite:
    cmd: "python scripts/t_category.py 2023-isb-multisite/data.csv\n"
    deps:
    - path: 2023-isb-multisite/data.csv
      hash: md5
      md5: 3de3a3d4238148e1b4e5f813e83d4c80
      size: 205012
    - path: scripts/t_category.py
      hash: md5
      md5: 525ea786589ede53c4b9bb7e5f9d8d42
      size: 1648
  plot-age-and-sex@2021-clb-oropharynx:
    cmd: "python scripts/age_and_sex.py 2021-clb-oropharynx/data.csv\n"
    deps:
    - path: 2021-clb-oropharynx/data.csv
      hash: md5
      md5: d40c0a1ae967a6983d60a0a809cf3972
      size: 92742
    - path: scripts/age_and_sex.py
      hash: md5
      md5: acd161580d93b39eda4c46e5fb54a79d
      size: 3214
  plot-age-and-sex@2023-isb-multisite:
    cmd: "python scripts/age_and_sex.py 2023-isb-multisite/data.csv\n"
    deps:
    - path: 2023-isb-multisite/data.csv
      hash: md5
      md5: 3de3a3d4238148e1b4e5f813e83d4c80
      size: 205012
    - path: scripts/age_and_sex.py
      hash: md5
      md5: acd161580d93b39eda4c46e5fb54a79d
      size: 3214
  plot-t-category@2021-clb-oropharynx:
    cmd: "python scripts/t_category.py 2021-clb-oropharynx/data.csv\n"
    deps:
    - path: 2021-clb-oropharynx/data.csv
      hash: md5
      md5: d40c0a1ae967a6983d60a0a809cf3972
      size: 92742
    - path: scripts/t_category.py
      hash: md5
      md5: 525ea786589ede53c4b9bb7e5f9d8d42
      size: 1648
  plot-t-category@2021-usz-oropharynx:
    cmd: "python scripts/t_category.py 2021-usz-oropharynx/data.csv\n"
    deps:
    - path: 2021-usz-oropharynx/data.csv
      hash: md5
      md5: afa7104bace3ad90009a9478cebfe1a4
      size: 166960
    - path: scripts/t_category.py
      hash: md5
      md5: 525ea786589ede53c4b9bb7e5f9d8d42
      size: 1648
  plot-age-and-sex@2021-usz-oropharynx:
    cmd: "python scripts/age_and_sex.py 2021-usz-oropharynx/data.csv\n"
    deps:
    - path: 2021-usz-oropharynx/data.csv
      hash: md5
      md5: afa7104bace3ad90009a9478cebfe1a4
      size: 166960
    - path: scripts/age_and_sex.py
      hash: md5
      md5: acd161580d93b39eda4c46e5fb54a79d
      size: 3214
  plot-subsite@2021-usz-oropharynx:
    cmd: "python scripts/subsite.py --data 2021-usz-oropharynx/data.csv\n"
    deps:
    - path: 2021-usz-oropharynx/data.csv
      hash: md5
      md5: afa7104bace3ad90009a9478cebfe1a4
      size: 166960
    - path: scripts/subsite.py
      hash: md5
      md5: 3bc7a351a634211ca9f8382b7d71bd96
      size: 4704
  plot-subsite@2021-clb-oropharynx:
    cmd: "python scripts/subsite.py --data 2021-clb-oropharynx/data.csv\n"
    deps:
    - path: 2021-clb-oropharynx/data.csv
      hash: md5
      md5: d40c0a1ae967a6983d60a0a809cf3972
      size: 92742
    - path: scripts/subsite.py
      hash: md5
      md5: 3bc7a351a634211ca9f8382b7d71bd96
      size: 4704
  plot-subsite@2023-isb-multisite:
    cmd: "python scripts/subsite.py --data 2023-isb-multisite/data.csv\n"
    deps:
    - path: 2023-isb-multisite/data.csv
      hash: md5
      md5: 3de3a3d4238148e1b4e5f813e83d4c80
      size: 205012
    - path: scripts/subsite.py
      hash: md5
      md5: 3bc7a351a634211ca9f8382b7d71bd96
      size: 4704
  plot-subsite@2023-clb-multisite:
    cmd: "python scripts/subsite.py --data 2023-clb-multisite/data.csv\n"
    deps:
    - path: 2023-clb-multisite/data.csv
      hash: md5
      md5: 9d72ee96af2c51033a2fb0bb8551e318
      size: 123938
    - path: scripts/subsite.py
      hash: md5
      md5: 3bc7a351a634211ca9f8382b7d71bd96
      size: 4704
  bar-plot@2021-clb-oropharynx:
    cmd: python scripts/bar_plot.py 2021-clb-oropharynx/data.csv
    deps:
    - path: 2021-clb-oropharynx/data.csv
      hash: md5
      md5: d40c0a1ae967a6983d60a0a809cf3972
      size: 92742
    - path: scripts/bar_plot.py
      hash: md5
      md5: 65c6304694688261ce7cf1de97b18b47
      size: 2627
  bar-plot@2023-clb-multisite:
    cmd: python scripts/bar_plot.py 2023-clb-multisite/data.csv
    deps:
    - path: 2023-clb-multisite/data.csv
      hash: md5
      md5: 9d72ee96af2c51033a2fb0bb8551e318
      size: 123938
    - path: scripts/bar_plot.py
      hash: md5
      md5: 65c6304694688261ce7cf1de97b18b47
      size: 2627
  bar-plot@2023-isb-multisite:
    cmd: python scripts/bar_plot.py 2023-isb-multisite/data.csv
    deps:
    - path: 2023-isb-multisite/data.csv
      hash: md5
      md5: 3de3a3d4238148e1b4e5f813e83d4c80
      size: 205012
    - path: scripts/bar_plot.py
      hash: md5
      md5: 65c6304694688261ce7cf1de97b18b47
      size: 2627
  join:
    cmd: "lyscripts data join --inputs 2021-clb-oropharynx/data.csv 2023-isb-multisite/data.csv
      2023-clb-multisite/data.csv --output joined.csv\n"
    deps:
    - path: 2021-clb-oropharynx/data.csv
      hash: md5
      md5: d40c0a1ae967a6983d60a0a809cf3972
      size: 92742
    - path: 2023-clb-multisite/data.csv
      hash: md5
      md5: 9d72ee96af2c51033a2fb0bb8551e318
      size: 123938
    - path: 2023-isb-multisite/data.csv
      hash: md5
      md5: 3de3a3d4238148e1b4e5f813e83d4c80
      size: 205012
    outs:
    - path: joined.csv
      hash: md5
      md5: 02e7b881140cb304291f0b9789601057
      size: 520932
  enhance:
    cmd: "lyscripts data enhance --consensus max_llh --params modalities.yaml joined.csv
      enhanced.csv\n"
    deps:
    - path: joined.csv
      hash: md5
      md5: 02e7b881140cb304291f0b9789601057
      size: 520932
    params:
      modalities.yaml:
        modalities:
          CT:
          - 0.76
          - 0.81
          MRI:
          - 0.63
          - 0.81
          PET:
          - 0.86
          - 0.79
          FNA:
          - 0.98
          - 0.8
          diagnostic_consensus:
          - 0.86
          - 0.81
          pathology:
          - 1.0
          - 1.0
          pCT:
          - 0.86
          - 0.81
          max_llh:
          - 1.0
          - 1.0
    outs:
    - path: enhanced.csv
      hash: md5
      md5: cf106149f756f5b76d43fa3271649572
      size: 645012
  scenario-showcase:
    cmd: "python scripts/scenario_showcase.py --data enhanced.csv --mplstyle scripts/.mplstyle\n"
    deps:
    - path: enhanced.csv
      hash: md5
      md5: cf106149f756f5b76d43fa3271649572
      size: 645012
    - path: scripts/.mplstyle
      hash: md5
      md5: 1dd8e65e1d2705d5c02ec977b8e7ca0d
      size: 2151
    - path: scripts/scenario_showcase.py
      hash: md5
      md5: 0f9bfd6d539308d71ff468e861977dae
      size: 5106
    outs:
    - path: scenario_showcase.png
      hash: md5
      md5: cba1e67b642b7f3ab5c4baf0be4f7321
      size: 86010
